
Microsoft Visual Studio Solution File, Format Version 12.00
# Visual Studio Version 17
VisualStudioVersion = 17.8.34330.188
MinimumVisualStudioVersion = 10.0.40219.1
Project("{FAE04EC0-301F-11D3-BF4B-00C04F79EFBC}") = "AspWeb", "IleriWebProje2\AspWeb.csproj", "{4F717B48-0606-482A-A051-CFF11C30F2D6}"
EndProject
Global
	GlobalSection(SolutionConfigurationPlatforms) = preSolution
		Debug|Any CPU = Debug|Any CPU
		Release|Any CPU = Release|Any CPU
	EndGlobalSection
	GlobalSection(ProjectConfigurationPlatforms) = postSolution
		{4F717B48-0606-482A-A051-CFF11C30F2D6}.Debug|Any CPU.ActiveCfg = Debug|Any CPU
		{4F717B48-0606-482A-A051-CFF11C30F2D6}.Debug|Any CPU.Build.0 = Debug|Any CPU
		{4F717B48-0606-482A-A051-CFF11C30F2D6}.Release|Any CPU.ActiveCfg = Release|Any CPU
		{4F717B48-0606-482A-A051-CFF11C30F2D6}.Release|Any CPU.Build.0 = Release|Any CPU
	EndGlobalSection
	GlobalSection(SolutionProperties) = preSolution
		HideSolutionNode = FALSE
	EndGlobalSection
	GlobalSection(ExtensibilityGlobals) = postSolution
		SolutionGuid = {1A81ED29-55EC-4001-A8FE-70C86F70BC7E}
	EndGlobalSection
EndGlobal
